
Microsoft Visual Studio Solution File, Format Version 11.00
# Visual Studio 2010
Project("{FAE04EC0-301F-11D3-BF4B-00C04F79EFBC}") = "17.06 2315", "Assembly-CSharp.csproj", "{91420CBF-AB45-17FB-0B83-7C790EA344BE}"
EndProject
Project("{FAE04EC0-301F-11D3-BF4B-00C04F79EFBC}") = "17.06 2315", "Assembly-CSharp-Editor.csproj", "{2CD5849E-ABD9-2BB5-2009-BF2D3B84CB3E}"
EndProject
Global
	GlobalSection(SolutionConfigurationPlatforms) = preSolution
		Debug|Any CPU = Debug|Any CPU
		Release|Any CPU = Release|Any CPU
	EndGlobalSection
	GlobalSection(ProjectConfigurationPlatforms) = postSolution
		{91420CBF-AB45-17FB-0B83-7C790EA344BE}.Debug|Any CPU.ActiveCfg = Debug|Any CPU
		{91420CBF-AB45-17FB-0B83-7C790EA344BE}.Debug|Any CPU.Build.0 = Debug|Any CPU
		{91420CBF-AB45-17FB-0B83-7C790EA344BE}.Release|Any CPU.ActiveCfg = Release|Any CPU
		{91420CBF-AB45-17FB-0B83-7C790EA344BE}.Release|Any CPU.Build.0 = Release|Any CPU
		{2CD5849E-ABD9-2BB5-2009-BF2D3B84CB3E}.Debug|Any CPU.ActiveCfg = Debug|Any CPU
		{2CD5849E-ABD9-2BB5-2009-BF2D3B84CB3E}.Debug|Any CPU.Build.0 = Debug|Any CPU
		{2CD5849E-ABD9-2BB5-2009-BF2D3B84CB3E}.Release|Any CPU.ActiveCfg = Release|Any CPU
		{2CD5849E-ABD9-2BB5-2009-BF2D3B84CB3E}.Release|Any CPU.Build.0 = Release|Any CPU
	EndGlobalSection
	GlobalSection(SolutionProperties) = preSolution
		HideSolutionNode = FALSE
	EndGlobalSection
	GlobalSection(MonoDevelopProperties) = preSolution
		StartupItem = Assembly-CSharp.csproj
	EndGlobalSection
EndGlobal
