
Microsoft Visual Studio Solution File, Format Version 11.00
# Visual Studio 2010
Project("{FAE04EC0-301F-11D3-BF4B-00C04F79EFBC}") = "17.06_1500", "Assembly-CSharp.csproj", "{416BDB00-31BF-6821-D662-E72970F5624E}"
EndProject
Project("{FAE04EC0-301F-11D3-BF4B-00C04F79EFBC}") = "17.06_1500", "Assembly-CSharp-Editor.csproj", "{4F8B2112-C065-E333-EAD3-C578F2B70F9C}"
EndProject
Global
	GlobalSection(SolutionConfigurationPlatforms) = preSolution
		Debug|Any CPU = Debug|Any CPU
		Release|Any CPU = Release|Any CPU
	EndGlobalSection
	GlobalSection(ProjectConfigurationPlatforms) = postSolution
		{416BDB00-31BF-6821-D662-E72970F5624E}.Debug|Any CPU.ActiveCfg = Debug|Any CPU
		{416BDB00-31BF-6821-D662-E72970F5624E}.Debug|Any CPU.Build.0 = Debug|Any CPU
		{416BDB00-31BF-6821-D662-E72970F5624E}.Release|Any CPU.ActiveCfg = Release|Any CPU
		{416BDB00-31BF-6821-D662-E72970F5624E}.Release|Any CPU.Build.0 = Release|Any CPU
		{4F8B2112-C065-E333-EAD3-C578F2B70F9C}.Debug|Any CPU.ActiveCfg = Debug|Any CPU
		{4F8B2112-C065-E333-EAD3-C578F2B70F9C}.Debug|Any CPU.Build.0 = Debug|Any CPU
		{4F8B2112-C065-E333-EAD3-C578F2B70F9C}.Release|Any CPU.ActiveCfg = Release|Any CPU
		{4F8B2112-C065-E333-EAD3-C578F2B70F9C}.Release|Any CPU.Build.0 = Release|Any CPU
	EndGlobalSection
	GlobalSection(SolutionProperties) = preSolution
		HideSolutionNode = FALSE
	EndGlobalSection
	GlobalSection(MonoDevelopProperties) = preSolution
		StartupItem = Assembly-CSharp.csproj
	EndGlobalSection
EndGlobal
