
Microsoft Visual Studio Solution File, Format Version 11.00
# Visual Studio 2010
Project("{FAE04EC0-301F-11D3-BF4B-00C04F79EFBC}") = "18.06 1044", "Assembly-CSharp.csproj", "{BCB928EC-2219-3CE8-264C-1ED5C62D57FB}"
EndProject
Project("{FAE04EC0-301F-11D3-BF4B-00C04F79EFBC}") = "18.06 1044", "Assembly-CSharp-Editor.csproj", "{DE006306-429B-7916-225C-2F6A8F6D7B29}"
EndProject
Global
	GlobalSection(SolutionConfigurationPlatforms) = preSolution
		Debug|Any CPU = Debug|Any CPU
		Release|Any CPU = Release|Any CPU
	EndGlobalSection
	GlobalSection(ProjectConfigurationPlatforms) = postSolution
		{BCB928EC-2219-3CE8-264C-1ED5C62D57FB}.Debug|Any CPU.ActiveCfg = Debug|Any CPU
		{BCB928EC-2219-3CE8-264C-1ED5C62D57FB}.Debug|Any CPU.Build.0 = Debug|Any CPU
		{BCB928EC-2219-3CE8-264C-1ED5C62D57FB}.Release|Any CPU.ActiveCfg = Release|Any CPU
		{BCB928EC-2219-3CE8-264C-1ED5C62D57FB}.Release|Any CPU.Build.0 = Release|Any CPU
		{DE006306-429B-7916-225C-2F6A8F6D7B29}.Debug|Any CPU.ActiveCfg = Debug|Any CPU
		{DE006306-429B-7916-225C-2F6A8F6D7B29}.Debug|Any CPU.Build.0 = Debug|Any CPU
		{DE006306-429B-7916-225C-2F6A8F6D7B29}.Release|Any CPU.ActiveCfg = Release|Any CPU
		{DE006306-429B-7916-225C-2F6A8F6D7B29}.Release|Any CPU.Build.0 = Release|Any CPU
	EndGlobalSection
	GlobalSection(SolutionProperties) = preSolution
		HideSolutionNode = FALSE
	EndGlobalSection
	GlobalSection(MonoDevelopProperties) = preSolution
		StartupItem = Assembly-CSharp.csproj
	EndGlobalSection
EndGlobal
